
Microsoft Visual Studio Solution File, Format Version 12.00
# Visual Studio Express 2012 for Windows Desktop
Project("{FAE04EC0-301F-11D3-BF4B-00C04F79EFBC}") = "StyleCopMagic", "StyleCopMagic\StyleCopMagic.csproj", "{6B061ACD-5DD8-4136-82A4-0A37795BC3EA}"
EndProject
Project("{FAE04EC0-301F-11D3-BF4B-00C04F79EFBC}") = "StyleCopMagic.UnitTests", "StyleCopMagic.UnitTests\StyleCopMagic.UnitTests.csproj", "{8E692744-E87E-444E-8CFE-23304961E27E}"
EndProject
Project("{FAE04EC0-301F-11D3-BF4B-00C04F79EFBC}") = "StyleCopMagicCmd", "StyleCopMagicCmd\StyleCopMagicCmd.csproj", "{132DAB52-2A2D-490F-8C6D-E5B0EB0B7D51}"
EndProject
Global
	GlobalSection(TestCaseManagementSettings) = postSolution
		CategoryFile = StyleCopMagic.vsmdi
	EndGlobalSection
	GlobalSection(SolutionConfigurationPlatforms) = preSolution
		Debug|Any CPU = Debug|Any CPU
		Release|Any CPU = Release|Any CPU
	EndGlobalSection
	GlobalSection(ProjectConfigurationPlatforms) = postSolution
		{6B061ACD-5DD8-4136-82A4-0A37795BC3EA}.Debug|Any CPU.ActiveCfg = Debug|Any CPU
		{6B061ACD-5DD8-4136-82A4-0A37795BC3EA}.Debug|Any CPU.Build.0 = Debug|Any CPU
		{6B061ACD-5DD8-4136-82A4-0A37795BC3EA}.Release|Any CPU.ActiveCfg = Release|x86
		{8E692744-E87E-444E-8CFE-23304961E27E}.Debug|Any CPU.ActiveCfg = Debug|Any CPU
		{8E692744-E87E-444E-8CFE-23304961E27E}.Debug|Any CPU.Build.0 = Debug|Any CPU
		{8E692744-E87E-444E-8CFE-23304961E27E}.Release|Any CPU.ActiveCfg = Release|Any CPU
		{8E692744-E87E-444E-8CFE-23304961E27E}.Release|Any CPU.Build.0 = Release|Any CPU
		{132DAB52-2A2D-490F-8C6D-E5B0EB0B7D51}.Debug|Any CPU.ActiveCfg = Debug|Any CPU
		{132DAB52-2A2D-490F-8C6D-E5B0EB0B7D51}.Debug|Any CPU.Build.0 = Debug|Any CPU
		{132DAB52-2A2D-490F-8C6D-E5B0EB0B7D51}.Release|Any CPU.ActiveCfg = Release|x86
	EndGlobalSection
	GlobalSection(SolutionProperties) = preSolution
		HideSolutionNode = FALSE
	EndGlobalSection
EndGlobal
